{
  "name": "trello-github-etl",
  "version": "0.1.0",
  "lockfileVersion": 2,
  "requires": true,
  "packages": {
    "": {
      "name": "trello-github-etl",
      "version": "0.1.0",
      "license": "SEE LICENSE IN LICENSE",
      "dependencies": {
        "@root/request": "^1.8.0",
        "dom-storage": "^2.1.0",
        "dotenv": "^10.0.0",
        "json-storage": "^2.1.2"
      }
    },
    "node_modules/@root/request": {
      "version": "1.8.0",
      "resolved": "https://registry.npmjs.org/@root/request/-/request-1.8.0.tgz",
      "integrity": "sha512-HufCvoTwqR30OyKSjwg28W5QCUpypSJZpOYcJbC9PME5kI6cOYsccYs/6bXfsuEoarz8+YwBDrsuM1UdBMxMLw=="
    },
    "node_modules/dom-storage": {
      "version": "2.1.0",
      "resolved": "https://registry.npmjs.org/dom-storage/-/dom-storage-2.1.0.tgz",
      "integrity": "sha512-g6RpyWXzl0RR6OTElHKBl7nwnK87GUyZMYC7JWsB/IA73vpqK2K6LT39x4VepLxlSsWBFrPVLnsSR5Jyty0+2Q==",
      "engines": {
        "node": "*"
      }
    },
    "node_modules/dotenv": {
      "version": "10.0.0",
      "resolved": "https://registry.npmjs.org/dotenv/-/dotenv-10.0.0.tgz",
      "integrity": "sha512-rlBi9d8jpv9Sf1klPjNfFAuWDjKLwTIJJ/VxtoTwIR6hnZxcEOQCZg2oIL3MWBYw5GpUDKOEnND7LXTbIpQ03Q==",
      "engines": {
        "node": ">=10"
      }
    },
    "node_modules/json-storage": {
      "version": "2.1.2",
      "resolved": "https://registry.npmjs.org/json-storage/-/json-storage-2.1.2.tgz",
      "integrity": "sha512-jUCntp87bttsDzO2RCHEFtv3CabycupCcXknPkvUwWW5UBHqc6gIl2g52w9U5efxT9imNUk/R+XT2wZouKfNFQ==",
      "engines": {
        "node": ">= v0.2.0"
      }
    }
  },
  "dependencies": {
    "@root/request": {
      "version": "1.8.0",
      "resolved": "https://registry.npmjs.org/@root/request/-/request-1.8.0.tgz",
      "integrity": "sha512-HufCvoTwqR30OyKSjwg28W5QCUpypSJZpOYcJbC9PME5kI6cOYsccYs/6bXfsuEoarz8+YwBDrsuM1UdBMxMLw=="
    },
    "dom-storage": {
      "version": "2.1.0",
      "resolved": "https://registry.npmjs.org/dom-storage/-/dom-storage-2.1.0.tgz",
      "integrity": "sha512-g6RpyWXzl0RR6OTElHKBl7nwnK87GUyZMYC7JWsB/IA73vpqK2K6LT39x4VepLxlSsWBFrPVLnsSR5Jyty0+2Q=="
    },
    "dotenv": {
      "version": "10.0.0",
      "resolved": "https://registry.npmjs.org/dotenv/-/dotenv-10.0.0.tgz",
      "integrity": "sha512-rlBi9d8jpv9Sf1klPjNfFAuWDjKLwTIJJ/VxtoTwIR6hnZxcEOQCZg2oIL3MWBYw5GpUDKOEnND7LXTbIpQ03Q=="
    },
    "json-storage": {
      "version": "2.1.2",
      "resolved": "https://registry.npmjs.org/json-storage/-/json-storage-2.1.2.tgz",
      "integrity": "sha512-jUCntp87bttsDzO2RCHEFtv3CabycupCcXknPkvUwWW5UBHqc6gIl2g52w9U5efxT9imNUk/R+XT2wZouKfNFQ=="
    }
  }
}
